
Microsoft Visual Studio Solution File, Format Version 12.00
# Visual Studio Version 17
VisualStudioVersion = 17.10.34928.147
MinimumVisualStudioVersion = 10.0.40219.1
Project("{FAE04EC0-301F-11D3-BF4B-00C04F79EFBC}") = "Zack_Bank_App", "Zack_Bank_App\Zack_Bank_App.csproj", "{AE1C2441-C08E-4B59-BD87-59162CC7742D}"
EndProject
Global
	GlobalSection(SolutionConfigurationPlatforms) = preSolution
		Debug|Any CPU = Debug|Any CPU
		Release|Any CPU = Release|Any CPU
	EndGlobalSection
	GlobalSection(ProjectConfigurationPlatforms) = postSolution
		{AE1C2441-C08E-4B59-BD87-59162CC7742D}.Debug|Any CPU.ActiveCfg = Debug|Any CPU
		{AE1C2441-C08E-4B59-BD87-59162CC7742D}.Debug|Any CPU.Build.0 = Debug|Any CPU
		{AE1C2441-C08E-4B59-BD87-59162CC7742D}.Release|Any CPU.ActiveCfg = Release|Any CPU
		{AE1C2441-C08E-4B59-BD87-59162CC7742D}.Release|Any CPU.Build.0 = Release|Any CPU
	EndGlobalSection
	GlobalSection(SolutionProperties) = preSolution
		HideSolutionNode = FALSE
	EndGlobalSection
	GlobalSection(ExtensibilityGlobals) = postSolution
		SolutionGuid = {D18F2F5F-FB71-4804-BE36-EC019C94318A}
	EndGlobalSection
EndGlobal
